
Microsoft Visual Studio Solution File, Format Version 12.00
# Visual Studio Version 16
VisualStudioVersion = 16.0.30002.166
MinimumVisualStudioVersion = 10.0.40219.1
Project("{FAE04EC0-301F-11D3-BF4B-00C04F79EFBC}") = "Timer.Contract", "Timer\Timer.Contract.csproj", "{B6108D17-3673-484A-BAA6-04632C54274F}"
EndProject
Project("{FAE04EC0-301F-11D3-BF4B-00C04F79EFBC}") = "TimerHost", "TimerHost\TimerHost.csproj", "{43C6FAB7-361B-489D-AB4C-B8D288C105B4}"
EndProject
Project("{FAE04EC0-301F-11D3-BF4B-00C04F79EFBC}") = "TimerClient", "TimerClient\TimerClient.csproj", "{F5FA5A19-D35F-4EF5-8DB9-D2F33E89119E}"
EndProject
Global
	GlobalSection(SolutionConfigurationPlatforms) = preSolution
		Debug|Any CPU = Debug|Any CPU
		Release|Any CPU = Release|Any CPU
	EndGlobalSection
	GlobalSection(ProjectConfigurationPlatforms) = postSolution
		{B6108D17-3673-484A-BAA6-04632C54274F}.Debug|Any CPU.ActiveCfg = Debug|Any CPU
		{B6108D17-3673-484A-BAA6-04632C54274F}.Debug|Any CPU.Build.0 = Debug|Any CPU
		{B6108D17-3673-484A-BAA6-04632C54274F}.Release|Any CPU.ActiveCfg = Release|Any CPU
		{B6108D17-3673-484A-BAA6-04632C54274F}.Release|Any CPU.Build.0 = Release|Any CPU
		{43C6FAB7-361B-489D-AB4C-B8D288C105B4}.Debug|Any CPU.ActiveCfg = Debug|Any CPU
		{43C6FAB7-361B-489D-AB4C-B8D288C105B4}.Debug|Any CPU.Build.0 = Debug|Any CPU
		{43C6FAB7-361B-489D-AB4C-B8D288C105B4}.Release|Any CPU.ActiveCfg = Release|Any CPU
		{43C6FAB7-361B-489D-AB4C-B8D288C105B4}.Release|Any CPU.Build.0 = Release|Any CPU
		{F5FA5A19-D35F-4EF5-8DB9-D2F33E89119E}.Debug|Any CPU.ActiveCfg = Debug|Any CPU
		{F5FA5A19-D35F-4EF5-8DB9-D2F33E89119E}.Debug|Any CPU.Build.0 = Debug|Any CPU
		{F5FA5A19-D35F-4EF5-8DB9-D2F33E89119E}.Release|Any CPU.ActiveCfg = Release|Any CPU
		{F5FA5A19-D35F-4EF5-8DB9-D2F33E89119E}.Release|Any CPU.Build.0 = Release|Any CPU
	EndGlobalSection
	GlobalSection(SolutionProperties) = preSolution
		HideSolutionNode = FALSE
	EndGlobalSection
	GlobalSection(ExtensibilityGlobals) = postSolution
		SolutionGuid = {8B327506-6375-4D21-986B-1F712B41F3B8}
	EndGlobalSection
EndGlobal
